// !$*UTF8*$!
{
	archiveVersion = 1;
	classes = {
	};
	objectVersion = 56;
	objects = {

/* Begin PBXBuildFile section */
		EED7F9DC2ACCA03000B5E32F /* AppDelegate.swift in Sources */ = {isa = PBXBuildFile; fileRef = EED7F9DB2ACCA03000B5E32F /* AppDelegate.swift */; };
		EED7F9DE2ACCA03000B5E32F /* SceneDelegate.swift in Sources */ = {isa = PBXBuildFile; fileRef = EED7F9DD2ACCA03000B5E32F /* SceneDelegate.swift */; };
		EED7F9E02ACCA03000B5E32F /* ViewController.swift in Sources */ = {isa = PBXBuildFile; fileRef = EED7F9DF2ACCA03000B5E32F /* ViewController.swift */; };
		EED7F9E32ACCA03000B5E32F /* Main.storyboard in Resources */ = {isa = PBXBuildFile; fileRef = EED7F9E12ACCA03000B5E32F /* Main.storyboard */; };
		EED7F9E52ACCA03000B5E32F /* Assets.xcassets in Resources */ = {isa = PBXBuildFile; fileRef = EED7F9E42ACCA03000B5E32F /* Assets.xcassets */; };
		EED7F9E82ACCA03000B5E32F /* LaunchScreen.storyboard in Resources */ = {isa = PBXBuildFile; fileRef = EED7F9E62ACCA03000B5E32F /* LaunchScreen.storyboard */; };
		EED7F9F02ACCA0B100B5E32F /* airplane.jpeg in Resources */ = {isa = PBXBuildFile; fileRef = EED7F9EF2ACCA0B100B5E32F /* airplane.jpeg */; };
		EED7F9F22ACCA0D600B5E32F /* PilotAlphabetTable.png in Resources */ = {isa = PBXBuildFile; fileRef = EED7F9F12ACCA0D600B5E32F /* PilotAlphabetTable.png */; };
/* End PBXBuildFile section */

/* Begin PBXFileReference section */
		EED7F9D82ACCA03000B5E32F /* dlewis_proj4.app */ = {isa = PBXFileReference; explicitFileType = wrapper.application; includeInIndex = 0; path = dlewis_proj4.app; sourceTree = BUILT_PRODUCTS_DIR; };
		EED7F9DB2ACCA03000B5E32F /* AppDelegate.swift */ = {isa = PBXFileReference; lastKnownFileType = sourcecode.swift; path = AppDelegate.swift; sourceTree = "<group>"; };
		EED7F9DD2ACCA03000B5E32F /* SceneDelegate.swift */ = {isa = PBXFileReference; lastKnownFileType = sourcecode.swift; path = SceneDelegate.swift; sourceTree = "<group>"; };
		EED7F9DF2ACCA03000B5E32F /* ViewController.swift */ = {isa = PBXFileReference; lastKnownFileType = sourcecode.swift; path = ViewController.swift; sourceTree = "<group>"; };
		EED7F9E22ACCA03000B5E32F /* Base */ = {isa = PBXFileReference; lastKnownFileType = file.storyboard; name = Base; path = Base.lproj/Main.storyboard; sourceTree = "<group>"; };
		EED7F9E42ACCA03000B5E32F /* Assets.xcassets */ = {isa = PBXFileReference; lastKnownFileType = folder.assetcatalog; path = Assets.xcassets; sourceTree = "<group>"; };
		EED7F9E72ACCA03000B5E32F /* Base */ = {isa = PBXFileReference; lastKnownFileType = file.storyboard; name = Base; path = Base.lproj/LaunchScreen.storyboard; sourceTree = "<group>"; };
		EED7F9E92ACCA03100B5E32F /* Info.plist */ = {isa = PBXFileReference; lastKnownFileType = text.plist.xml; path = Info.plist; sourceTree = "<group>"; };
		EED7F9EF2ACCA0B100B5E32F /* airplane.jpeg */ = {isa = PBXFileReference; lastKnownFileType = image.jpeg; path = airplane.jpeg; sourceTree = "<group>"; };
		EED7F9F12ACCA0D600B5E32F /* PilotAlphabetTable.png */ = {isa = PBXFileReference; lastKnownFileType = image.png; path = PilotAlphabetTable.png; sourceTree = "<group>"; };
/* End PBXFileReference section */

/* Begin PBXFrameworksBuildPhase section */
		EED7F9D52ACCA02F00B5E32F /* Frameworks */ = {
			isa = PBXFrameworksBuildPhase;
			buildActionMask = 2147483647;
			files = (
			);
			runOnlyForDeploymentPostprocessing = 0;
		};
/* End PBXFrameworksBuildPhase section */

/* Begin PBXGroup section */
		EED7F9CF2ACCA02F00B5E32F = {
			isa = PBXGroup;
			children = (
				EED7F9DA2ACCA03000B5E32F /* dlewis_proj4 */,
				EED7F9D92ACCA03000B5E32F /* Products */,
			);
			sourceTree = "<group>";
		};
		EED7F9D92ACCA03000B5E32F /* Products */ = {
			isa = PBXGroup;
			children = (
				EED7F9D82ACCA03000B5E32F /* dlewis_proj4.app */,
			);
			name = Products;
			sourceTree = "<group>";
		};
		EED7F9DA2ACCA03000B5E32F /* dlewis_proj4 */ = {
			isa = PBXGroup;
			children = (
				EED7F9DB2ACCA03000B5E32F /* AppDelegate.swift */,
				EED7F9DD2ACCA03000B5E32F /* SceneDelegate.swift */,
				EED7F9DF2ACCA03000B5E32F /* ViewController.swift */,
				EED7F9E12ACCA03000B5E32F /* Main.storyboard */,
				EED7F9E42ACCA03000B5E32F /* Assets.xcassets */,
				EED7F9E62ACCA03000B5E32F /* LaunchScreen.storyboard */,
				EED7F9E92ACCA03100B5E32F /* Info.plist */,
				EED7F9EF2ACCA0B100B5E32F /* airplane.jpeg */,
				EED7F9F12ACCA0D600B5E32F /* PilotAlphabetTable.png */,
			);
			path = dlewis_proj4;
			sourceTree = "<group>";
		};
/* End PBXGroup section */

/* Begin PBXNativeTarget section */
		EED7F9D72ACCA02F00B5E32F /* dlewis_proj4 */ = {
			isa = PBXNativeTarget;
			buildConfigurationList = EED7F9EC2ACCA03100B5E32F /* Build configuration list for PBXNativeTarget "dlewis_proj4" */;
			buildPhases = (
				EED7F9D42ACCA02F00B5E32F /* Sources */,
				EED7F9D52ACCA02F00B5E32F /* Frameworks */,
				EED7F9D62ACCA02F00B5E32F /* Resources */,
			);
			buildRules = (
			);
			dependencies = (
			);
			name = dlewis_proj4;
			productName = dlewis_proj4;
			productReference = EED7F9D82ACCA03000B5E32F /* dlewis_proj4.app */;
			productType = "com.apple.product-type.application";
		};
/* End PBXNativeTarget section */

/* Begin PBXProject section */
		EED7F9D02ACCA02F00B5E32F /* Project object */ = {
			isa = PBXProject;
			attributes = {
				BuildIndependentTargetsInParallel = 1;
				LastSwiftUpdateCheck = 1430;
				LastUpgradeCheck = 1430;
				TargetAttributes = {
					EED7F9D72ACCA02F00B5E32F = {
						CreatedOnToolsVersion = 14.3.1;
					};
				};
			};
			buildConfigurationList = EED7F9D32ACCA02F00B5E32F /* Build configuration list for PBXProject "dlewis_proj4" */;
			compatibilityVersion = "Xcode 14.0";
			developmentRegion = en;
			hasScannedForEncodings = 0;
			knownRegions = (
				en,
				Base,
			);
			mainGroup = EED7F9CF2ACCA02F00B5E32F;
			productRefGroup = EED7F9D92ACCA03000B5E32F /* Products */;
			projectDirPath = "";
			projectRoot = "";
			targets = (
				EED7F9D72ACCA02F00B5E32F /* dlewis_proj4 */,
			);
		};
/* End PBXProject section */

/* Begin PBXResourcesBuildPhase section */
		EED7F9D62ACCA02F00B5E32F /* Resources */ = {
			isa = PBXResourcesBuildPhase;
			buildActionMask = 2147483647;
			files = (
				EED7F9E82ACCA03000B5E32F /* LaunchScreen.storyboard in Resources */,
				EED7F9F02ACCA0B100B5E32F /* airplane.jpeg in Resources */,
				EED7F9E52ACCA03000B5E32F /* Assets.xcassets in Resources */,
				EED7F9F22ACCA0D600B5E32F /* PilotAlphabetTable.png in Resources */,
				EED7F9E32ACCA03000B5E32F /* Main.storyboard in Resources */,
			);
			runOnlyForDeploymentPostprocessing = 0;
		};
/* End PBXResourcesBuildPhase section */

/* Begin PBXSourcesBuildPhase section */
		EED7F9D42ACCA02F00B5E32F /* Sources */ = {
			isa = PBXSourcesBuildPhase;
			buildActionMask = 2147483647;
			files = (
				EED7F9E02ACCA03000B5E32F /* ViewController.swift in Sources */,
				EED7F9DC2ACCA03000B5E32F /* AppDelegate.swift in Sources */,
				EED7F9DE2ACCA03000B5E32F /* SceneDelegate.swift in Sources */,
			);
			runOnlyForDeploymentPostprocessing = 0;
		};
/* End PBXSourcesBuildPhase section */

/* Begin PBXVariantGroup section */
		EED7F9E12ACCA03000B5E32F /* Main.storyboard */ = {
			isa = PBXVariantGroup;
			children = (
				EED7F9E22ACCA03000B5E32F /* Base */,
			);
			name = Main.storyboard;
			sourceTree = "<group>";
		};
		EED7F9E62ACCA03000B5E32F /* LaunchScreen.storyboard */ = {
			isa = PBXVariantGroup;
			children = (
				EED7F9E72ACCA03000B5E32F /* Base */,
			);
			name = LaunchScreen.storyboard;
			sourceTree = "<group>";
		};
/* End PBXVariantGroup section */

/* Begin XCBuildConfiguration section */
		EED7F9EA2ACCA03100B5E32F /* Debug */ = {
			isa = XCBuildConfiguration;
			buildSettings = {
				ALWAYS_SEARCH_USER_PATHS = NO;
				CLANG_ANALYZER_NONNULL = YES;
				CLANG_ANALYZER_NUMBER_OBJECT_CONVERSION = YES_AGGRESSIVE;
				CLANG_CXX_LANGUAGE_STANDARD = "gnu++20";
				CLANG_ENABLE_MODULES = YES;
				CLANG_ENABLE_OBJC_ARC = YES;
				CLANG_ENABLE_OBJC_WEAK = YES;
				CLANG_WARN_BLOCK_CAPTURE_AUTORELEASING = YES;
				CLANG_WARN_BOOL_CONVERSION = YES;
				CLANG_WARN_COMMA = YES;
				CLANG_WARN_CONSTANT_CONVERSION = YES;
				CLANG_WARN_DEPRECATED_OBJC_IMPLEMENTATIONS = YES;
				CLANG_WARN_DIRECT_OBJC_ISA_USAGE = YES_ERROR;
				CLANG_WARN_DOCUMENTATION_COMMENTS = YES;
				CLANG_WARN_EMPTY_BODY = YES;
				CLANG_WARN_ENUM_CONVERSION = YES;
				CLANG_WARN_INFINITE_RECURSION = YES;
				CLANG_WARN_INT_CONVERSION = YES;
				CLANG_WARN_NON_LITERAL_NULL_CONVERSION = YES;
				CLANG_WARN_OBJC_IMPLICIT_RETAIN_SELF = YES;
				CLANG_WARN_OBJC_LITERAL_CONVERSION = YES;
				CLANG_WARN_OBJC_ROOT_CLASS = YES_ERROR;
				CLANG_WARN_QUOTED_INCLUDE_IN_FRAMEWORK_HEADER = YES;
				CLANG_WARN_RANGE_LOOP_ANALYSIS = YES;
				CLANG_WARN_STRICT_PROTOTYPES = YES;
				CLANG_WARN_SUSPICIOUS_MOVE = YES;
				CLANG_WARN_UNGUARDED_AVAILABILITY = YES_AGGRESSIVE;
				CLANG_WARN_UNREACHABLE_CODE = YES;
				CLANG_WARN__DUPLICATE_METHOD_MATCH = YES;
				COPY_PHASE_STRIP = NO;
				DEBUG_INFORMATION_FORMAT = dwarf;
				ENABLE_STRICT_OBJC_MSGSEND = YES;
				ENABLE_TESTABILITY = YES;
				GCC_C_LANGUAGE_STANDARD = gnu11;
				GCC_DYNAMIC_NO_PIC = NO;
				GCC_NO_COMMON_BLOCKS = YES;
				GCC_OPTIMIZATION_LEVEL = 0;
				GCC_PREPROCESSOR_DEFINITIONS = (
					"DEBUG=1",
					"$(inherited)",
				);
				GCC_WARN_64_TO_32_BIT_CONVERSION = YES;
				GCC_WARN_ABOUT_RETURN_TYPE = YES_ERROR;
				GCC_WARN_UNDECLARED_SELECTOR = YES;
				GCC_WARN_UNINITIALIZED_AUTOS = YES_AGGRESSIVE;
				GCC_WARN_UNUSED_FUNCTION = YES;
				GCC_WARN_UNUSED_VARIABLE = YES;
				IPHONEOS_DEPLOYMENT_TARGET = 16.4;
				MTL_ENABLE_DEBUG_INFO = INCLUDE_SOURCE;
				MTL_FAST_MATH = YES;
				ONLY_ACTIVE_ARCH = YES;
				SDKROOT = iphoneos;
				SWIFT_ACTIVE_COMPILATION_CONDITIONS = DEBUG;
				SWIFT_OPTIMIZATION_LEVEL = "-Onone";
			};
			name = Debug;
		};
		EED7F9EB2ACCA03100B5E32F /* Release */ = {
			isa = XCBuildConfiguration;
			buildSettings = {
				ALWAYS_SEARCH_USER_PATHS = NO;
				CLANG_ANALYZER_NONNULL = YES;
				CLANG_ANALYZER_NUMBER_OBJECT_CONVERSION = YES_AGGRESSIVE;
				CLANG_CXX_LANGUAGE_STANDARD = "gnu++20";
				CLANG_ENABLE_MODULES = YES;
				CLANG_ENABLE_OBJC_ARC = YES;
				CLANG_ENABLE_OBJC_WEAK = YES;
				CLANG_WARN_BLOCK_CAPTURE_AUTORELEASING = YES;
				CLANG_WARN_BOOL_CONVERSION = YES;
				CLANG_WARN_COMMA = YES;
				CLANG_WARN_CONSTANT_CONVERSION = YES;
				CLANG_WARN_DEPRECATED_OBJC_IMPLEMENTATIONS = YES;
				CLANG_WARN_DIRECT_OBJC_ISA_USAGE = YES_ERROR;
				CLANG_WARN_DOCUMENTATION_COMMENTS = YES;
				CLANG_WARN_EMPTY_BODY = YES;
				CLANG_WARN_ENUM_CONVERSION = YES;
				CLANG_WARN_INFINITE_RECURSION = YES;
				CLANG_WARN_INT_CONVERSION = YES;
				CLANG_WARN_NON_LITERAL_NULL_CONVERSION = YES;
				CLANG_WARN_OBJC_IMPLICIT_RETAIN_SELF = YES;
				CLANG_WARN_OBJC_LITERAL_CONVERSION = YES;
				CLANG_WARN_OBJC_ROOT_CLASS = YES_ERROR;
				CLANG_WARN_QUOTED_INCLUDE_IN_FRAMEWORK_HEADER = YES;
				CLANG_WARN_RANGE_LOOP_ANALYSIS = YES;
				CLANG_WARN_STRICT_PROTOTYPES = YES;
				CLANG_WARN_SUSPICIOUS_MOVE = YES;
				CLANG_WARN_UNGUARDED_AVAILABILITY = YES_AGGRESSIVE;
				CLANG_WARN_UNREACHABLE_CODE = YES;
				CLANG_WARN__DUPLICATE_METHOD_MATCH = YES;
				COPY_PHASE_STRIP = NO;
				DEBUG_INFORMATION_FORMAT = "dwarf-with-dsym";
				ENABLE_NS_ASSERTIONS = NO;
				ENABLE_STRICT_OBJC_MSGSEND = YES;
				GCC_C_LANGUAGE_STANDARD = gnu11;
				GCC_NO_COMMON_BLOCKS = YES;
				GCC_WARN_64_TO_32_BIT_CONVERSION = YES;
				GCC_WARN_ABOUT_RETURN_TYPE = YES_ERROR;
				GCC_WARN_UNDECLARED_SELECTOR = YES;
				GCC_WARN_UNINITIALIZED_AUTOS = YES_AGGRESSIVE;
				GCC_WARN_UNUSED_FUNCTION = YES;
				GCC_WARN_UNUSED_VARIABLE = YES;
				IPHONEOS_DEPLOYMENT_TARGET = 16.4;
				MTL_ENABLE_DEBUG_INFO = NO;
				MTL_FAST_MATH = YES;
				SDKROOT = iphoneos;
				SWIFT_COMPILATION_MODE = wholemodule;
				SWIFT_OPTIMIZATION_LEVEL = "-O";
				VALIDATE_PRODUCT = YES;
			};
			name = Release;
		};
		EED7F9ED2ACCA03100B5E32F /* Debug */ = {
			isa = XCBuildConfiguration;
			buildSettings = {
				ASSETCATALOG_COMPILER_APPICON_NAME = AppIcon;
				ASSETCATALOG_COMPILER_GLOBAL_ACCENT_COLOR_NAME = AccentColor;
				CODE_SIGN_STYLE = Automatic;
				CURRENT_PROJECT_VERSION = 1;
				GENERATE_INFOPLIST_FILE = YES;
				INFOPLIST_FILE = dlewis_proj4/Info.plist;
				INFOPLIST_KEY_UIApplicationSupportsIndirectInputEvents = YES;
				INFOPLIST_KEY_UILaunchStoryboardName = LaunchScreen;
				INFOPLIST_KEY_UIMainStoryboardFile = Main;
				INFOPLIST_KEY_UISupportedInterfaceOrientations_iPad = "UIInterfaceOrientationPortrait UIInterfaceOrientationPortraitUpsideDown UIInterfaceOrientationLandscapeLeft UIInterfaceOrientationLandscapeRight";
				INFOPLIST_KEY_UISupportedInterfaceOrientations_iPhone = "UIInterfaceOrientationPortrait UIInterfaceOrientationLandscapeLeft UIInterfaceOrientationLandscapeRight";
				LD_RUNPATH_SEARCH_PATHS = (
					"$(inherited)",
					"@executable_path/Frameworks",
				);
				MARKETING_VERSION = 1.0;
				PRODUCT_BUNDLE_IDENTIFIER = "pv.dlewis-proj4";
				PRODUCT_NAME = "$(TARGET_NAME)";
				SWIFT_EMIT_LOC_STRINGS = YES;
				SWIFT_VERSION = 5.0;
				TARGETED_DEVICE_FAMILY = "1,2";
			};
			name = Debug;
		};
		EED7F9EE2ACCA03100B5E32F /* Release */ = {
			isa = XCBuildConfiguration;
			buildSettings = {
				ASSETCATALOG_COMPILER_APPICON_NAME = AppIcon;
				ASSETCATALOG_COMPILER_GLOBAL_ACCENT_COLOR_NAME = AccentColor;
				CODE_SIGN_STYLE = Automatic;
				CURRENT_PROJECT_VERSION = 1;
				GENERATE_INFOPLIST_FILE = YES;
				INFOPLIST_FILE = dlewis_proj4/Info.plist;
				INFOPLIST_KEY_UIApplicationSupportsIndirectInputEvents = YES;
				INFOPLIST_KEY_UILaunchStoryboardName = LaunchScreen;
				INFOPLIST_KEY_UIMainStoryboardFile = Main;
				INFOPLIST_KEY_UISupportedInterfaceOrientations_iPad = "UIInterfaceOrientationPortrait UIInterfaceOrientationPortraitUpsideDown UIInterfaceOrientationLandscapeLeft UIInterfaceOrientationLandscapeRight";
				INFOPLIST_KEY_UISupportedInterfaceOrientations_iPhone = "UIInterfaceOrientationPortrait UIInterfaceOrientationLandscapeLeft UIInterfaceOrientationLandscapeRight";
				LD_RUNPATH_SEARCH_PATHS = (
					"$(inherited)",
					"@executable_path/Frameworks",
				);
				MARKETING_VERSION = 1.0;
				PRODUCT_BUNDLE_IDENTIFIER = "pv.dlewis-proj4";
				PRODUCT_NAME = "$(TARGET_NAME)";
				SWIFT_EMIT_LOC_STRINGS = YES;
				SWIFT_VERSION = 5.0;
				TARGETED_DEVICE_FAMILY = "1,2";
			};
			name = Release;
		};
/* End XCBuildConfiguration section */

/* Begin XCConfigurationList section */
		EED7F9D32ACCA02F00B5E32F /* Build configuration list for PBXProject "dlewis_proj4" */ = {
			isa = XCConfigurationList;
			buildConfigurations = (
				EED7F9EA2ACCA03100B5E32F /* Debug */,
				EED7F9EB2ACCA03100B5E32F /* Release */,
			);
			defaultConfigurationIsVisible = 0;
			defaultConfigurationName = Release;
		};
		EED7F9EC2ACCA03100B5E32F /* Build configuration list for PBXNativeTarget "dlewis_proj4" */ = {
			isa = XCConfigurationList;
			buildConfigurations = (
				EED7F9ED2ACCA03100B5E32F /* Debug */,
				EED7F9EE2ACCA03100B5E32F /* Release */,
			);
			defaultConfigurationIsVisible = 0;
			defaultConfigurationName = Release;
		};
/* End XCConfigurationList section */
	};
	rootObject = EED7F9D02ACCA02F00B5E32F /* Project object */;
}
